PODS:
  - AFNetworking (2.4.1):
    - AFNetworking/NSURLConnection
    - AFNetworking/NSURLSession
    - AFNetworking/Reachability
    - AFNetworking/Security
    - AFNetworking/Serialization
    - AFNetworking/UIKit
  - AFNetworking/NSURLConnection (2.4.1):
    - AFNetworking/Reachability
    - AFNetworking/Security
    - AFNetworking/Serialization
  - AFNetworking/NSURLSession (2.4.1):
    - AFNetworking/Reachability
    - AFNetworking/Security
    - AFNetworking/Serialization
  - AFNetworking/Reachability (2.4.1)
  - AFNetworking/Security (2.4.1)
  - AFNetworking/Serialization (2.4.1)
  - AFNetworking/UIKit (2.4.1):
    - AFNetworking/NSURLConnection
    - AFNetworking/NSURLSession
  - FMDB (2.3):
    - FMDB/standard
  - FMDB/common (2.3)
  - FMDB/standard (2.3):
    - FMDB/common
  - HOOHoodie (0.2.3):
    - AFNetworking (~> 2.0)
    - FMDB (~> 2.3)
    - SSKeychain
  - Kiwi/ARC (2.2.4)
  - Kiwi/NonARC (2.2.4)
  - Kiwi/XCTest (2.2.4):
    - Kiwi/ARC
    - Kiwi/NonARC
  - OHHTTPStubs (3.1.5):
    - OHHTTPStubs/Core
  - OHHTTPStubs/Core (3.1.5)
  - SSKeychain (1.2.2)

DEPENDENCIES:
  - HOOHoodie (from `../HOOHoodie.podspec`)
  - Kiwi/XCTest (< 2.3)
  - OHHTTPStubs

EXTERNAL SOURCES:
  HOOHoodie:
    :path: ../HOOHoodie.podspec

SPEC CHECKSUMS:
  AFNetworking: 0aabc6fae66d6e5d039eeb21c315843c7aae51ab
  FMDB: 31ec26773c7f7b7890a6038235a1f2bbd933a7cb
  HOOHoodie: e43b30d45980d88c39bcdfa26b53ad6a2e2ea9b1
  Kiwi: c73667f2b84cbf36f1a3830267c5a4ae8dcbd8ba
  OHHTTPStubs: c1e362552b71b81e1deb7a80f44c51585b946c43
  SSKeychain: cc48bd3ad24fcd9125adb9e0d23dd50b8bbd08b9

COCOAPODS: 0.33.1
