// !$*UTF8*$!
{
	archiveVersion = 1;
	classes = {
	};
	objectVersion = 46;
	objects = {

/* Begin PBXBuildFile section */
		2907574018ED6A1A00CEEFED /* Account_iPhone.storyboard in Resources */ = {isa = PBXBuildFile; fileRef = 2907573F18ED6A1A00CEEFED /* Account_iPhone.storyboard */; };
		2907574318ED6A4F00CEEFED /* ChangePasswordViewController.m in Sources */ = {isa = PBXBuildFile; fileRef = 2907574218ED6A4F00CEEFED /* ChangePasswordViewController.m */; };
		29B2097A18D0AE50000A3CB8 /* Authentication_iPhone.storyboard in Resources */ = {isa = PBXBuildFile; fileRef = 29B2097418D0AE50000A3CB8 /* Authentication_iPhone.storyboard */; };
		29B2097B18D0AE50000A3CB8 /* SignInViewController.m in Sources */ = {isa = PBXBuildFile; fileRef = 29B2097718D0AE50000A3CB8 /* SignInViewController.m */; };
		29B2097C18D0AE50000A3CB8 /* SignUpViewController.m in Sources */ = {isa = PBXBuildFile; fileRef = 29B2097918D0AE50000A3CB8 /* SignUpViewController.m */; };
		29B2098518D0AE5E000A3CB8 /* PlaygroundCell.m in Sources */ = {isa = PBXBuildFile; fileRef = 29B2097E18D0AE5E000A3CB8 /* PlaygroundCell.m */; };
		29B2098618D0AE5E000A3CB8 /* PlaygroundCell.xib in Resources */ = {isa = PBXBuildFile; fileRef = 29B2097F18D0AE5E000A3CB8 /* PlaygroundCell.xib */; };
		29B2098718D0AE5E000A3CB8 /* PlaygroundDataSource.m in Sources */ = {isa = PBXBuildFile; fileRef = 29B2098118D0AE5E000A3CB8 /* PlaygroundDataSource.m */; };
		29B2098818D0AE5E000A3CB8 /* PlaygroundViewController.m in Sources */ = {isa = PBXBuildFile; fileRef = 29B2098318D0AE5E000A3CB8 /* PlaygroundViewController.m */; };
		29B2098918D0AE5E000A3CB8 /* PlaygroundViewController.xib in Resources */ = {isa = PBXBuildFile; fileRef = 29B2098418D0AE5E000A3CB8 /* PlaygroundViewController.xib */; };
		6D51E0F62B684E5BA5B430EA /* libPods-HoodieExampleTests.a in Frameworks */ = {isa = PBXBuildFile; fileRef = 2FF0CEE7E30B4A13A9C6D9A5 /* libPods-HoodieExampleTests.a */; };
		C74A707B111CA1312748567C /* XCTest.framework in Frameworks */ = {isa = PBXBuildFile; fileRef = C74A7864F186C327C31073D7 /* XCTest.framework */; };
		C74A709DE2B48519FBB839CA /* Foundation.framework in Frameworks */ = {isa = PBXBuildFile; fileRef = C74A706AB0FF3C58773F3C4F /* Foundation.framework */; };
		C74A720F9D3F24D44E1795B4 /* AppDelegate.m in Sources */ = {isa = PBXBuildFile; fileRef = C74A7989156BB9CCC88EFCB9 /* AppDelegate.m */; };
		C74A73285FAD7CC50A165DD1 /* UIKit.framework in Frameworks */ = {isa = PBXBuildFile; fileRef = C74A717263B211BDDC7E430A /* UIKit.framework */; };
		C74A739F966C7CC325D890AB /* InfoPlist.strings in Resources */ = {isa = PBXBuildFile; fileRef = C74A720B20B8B100BFA4DA1D /* InfoPlist.strings */; };
		C74A78BDA3BFCFBEA1F96EB8 /* CoreGraphics.framework in Frameworks */ = {isa = PBXBuildFile; fileRef = C74A7A1DF255023305F9A97B /* CoreGraphics.framework */; };
		C74A7945D9D6A17E415BFB9A /* main.m in Sources */ = {isa = PBXBuildFile; fileRef = C74A704F2E409285D026ED6A /* main.m */; };
		C74A7D0E6FD7F8D0D552BC6B /* Foundation.framework in Frameworks */ = {isa = PBXBuildFile; fileRef = C74A706AB0FF3C58773F3C4F /* Foundation.framework */; };
		C74A7D7547E138D747D5C9BB /* InfoPlist.strings in Resources */ = {isa = PBXBuildFile; fileRef = C74A79F40AC539B129FBFEB0 /* InfoPlist.strings */; };
		C74A7E05E8104EC5D808358A /* Images.xcassets in Resources */ = {isa = PBXBuildFile; fileRef = C74A758DCE86DB2280FE14E4 /* Images.xcassets */; };
		C74A7E7012812E742AC630E2 /* UIKit.framework in Frameworks */ = {isa = PBXBuildFile; fileRef = C74A717263B211BDDC7E430A /* UIKit.framework */; };
		F0483E0419261A8200CF975A /* HOOHelperTests.m in Sources */ = {isa = PBXBuildFile; fileRef = F0483E0319261A8200CF975A /* HOOHelperTests.m */; };
		F0E8709919276F2600F3F540 /* libPods.a in Frameworks */ = {isa = PBXBuildFile; fileRef = F0E8709819276F2600F3F540 /* libPods.a */; };
/* End PBXBuildFile section */

/* Begin PBXContainerItemProxy section */
		C74A76E49B09E7EE514F6AAD /* PBXContainerItemProxy */ = {
			isa = PBXContainerItemProxy;
			containerPortal = C74A78D7E700FAC1A34EA419 /* Project object */;
			proxyType = 1;
			remoteGlobalIDString = C74A7034BED1C43A5E68F1DA;
			remoteInfo = HoodieExample;
		};
/* End PBXContainerItemProxy section */

/* Begin PBXFileReference section */
		2113E5CB2E90408BA38EF999 /* libPods-HoodieExample.a */ = {isa = PBXFileReference; explicitFileType = archive.ar; includeInIndex = 0; path = "libPods-HoodieExample.a"; sourceTree = BUILT_PRODUCTS_DIR; };
		2907573F18ED6A1A00CEEFED /* Account_iPhone.storyboard */ = {isa = PBXFileReference; fileEncoding = 4; lastKnownFileType = file.storyboard; name = Account_iPhone.storyboard; path = Account/Account_iPhone.storyboard; sourceTree = "<group>"; };
		2907574118ED6A4F00CEEFED /* ChangePasswordViewController.h */ = {isa = PBXFileReference; fileEncoding = 4; lastKnownFileType = sourcecode.c.h; name = ChangePasswordViewController.h; path = Account/ChangePasswordViewController.h; sourceTree = "<group>"; };
		2907574218ED6A4F00CEEFED /* ChangePasswordViewController.m */ = {isa = PBXFileReference; fileEncoding = 4; lastKnownFileType = sourcecode.c.objc; name = ChangePasswordViewController.m; path = Account/ChangePasswordViewController.m; sourceTree = "<group>"; };
		2907574418ED71F100CEEFED /* AccountDelegate.h */ = {isa = PBXFileReference; lastKnownFileType = sourcecode.c.h; name = AccountDelegate.h; path = Account/AccountDelegate.h; sourceTree = "<group>"; };
		29B2097418D0AE50000A3CB8 /* Authentication_iPhone.storyboard */ = {isa = PBXFileReference; fileEncoding = 4; lastKnownFileType = file.storyboard; path = Authentication_iPhone.storyboard; sourceTree = "<group>"; };
		29B2097518D0AE50000A3CB8 /* AuthenticationDelegate.h */ = {isa = PBXFileReference; fileEncoding = 4; lastKnownFileType = sourcecode.c.h; path = AuthenticationDelegate.h; sourceTree = "<group>"; };
		29B2097618D0AE50000A3CB8 /* SignInViewController.h */ = {isa = PBXFileReference; fileEncoding = 4; lastKnownFileType = sourcecode.c.h; path = SignInViewController.h; sourceTree = "<group>"; };
		29B2097718D0AE50000A3CB8 /* SignInViewController.m */ = {isa = PBXFileReference; fileEncoding = 4; lastKnownFileType = sourcecode.c.objc; path = SignInViewController.m; sourceTree = "<group>"; };
		29B2097818D0AE50000A3CB8 /* SignUpViewController.h */ = {isa = PBXFileReference; fileEncoding = 4; lastKnownFileType = sourcecode.c.h; path = SignUpViewController.h; sourceTree = "<group>"; };
		29B2097918D0AE50000A3CB8 /* SignUpViewController.m */ = {isa = PBXFileReference; fileEncoding = 4; lastKnownFileType = sourcecode.c.objc; path = SignUpViewController.m; sourceTree = "<group>"; };
		29B2097D18D0AE5E000A3CB8 /* PlaygroundCell.h */ = {isa = PBXFileReference; fileEncoding = 4; lastKnownFileType = sourcecode.c.h; path = PlaygroundCell.h; sourceTree = "<group>"; };
		29B2097E18D0AE5E000A3CB8 /* PlaygroundCell.m */ = {isa = PBXFileReference; fileEncoding = 4; lastKnownFileType = sourcecode.c.objc; path = PlaygroundCell.m; sourceTree = "<group>"; };
		29B2097F18D0AE5E000A3CB8 /* PlaygroundCell.xib */ = {isa = PBXFileReference; fileEncoding = 4; lastKnownFileType = file.xib; path = PlaygroundCell.xib; sourceTree = "<group>"; };
		29B2098018D0AE5E000A3CB8 /* PlaygroundDataSource.h */ = {isa = PBXFileReference; fileEncoding = 4; lastKnownFileType = sourcecode.c.h; path = PlaygroundDataSource.h; sourceTree = "<group>"; };
		29B2098118D0AE5E000A3CB8 /* PlaygroundDataSource.m */ = {isa = PBXFileReference; fileEncoding = 4; lastKnownFileType = sourcecode.c.objc; path = PlaygroundDataSource.m; sourceTree = "<group>"; };
		29B2098218D0AE5E000A3CB8 /* PlaygroundViewController.h */ = {isa = PBXFileReference; fileEncoding = 4; lastKnownFileType = sourcecode.c.h; path = PlaygroundViewController.h; sourceTree = "<group>"; };
		29B2098318D0AE5E000A3CB8 /* PlaygroundViewController.m */ = {isa = PBXFileReference; fileEncoding = 4; lastKnownFileType = sourcecode.c.objc; path = PlaygroundViewController.m; sourceTree = "<group>"; };
		29B2098418D0AE5E000A3CB8 /* PlaygroundViewController.xib */ = {isa = PBXFileReference; fileEncoding = 4; lastKnownFileType = file.xib; path = PlaygroundViewController.xib; sourceTree = "<group>"; };
		29B3308507E84606BF665D6E /* Pods.xcconfig */ = {isa = PBXFileReference; includeInIndex = 1; lastKnownFileType = text.xcconfig; name = Pods.xcconfig; path = Pods/Pods.xcconfig; sourceTree = "<group>"; };
		2FF0CEE7E30B4A13A9C6D9A5 /* libPods-HoodieExampleTests.a */ = {isa = PBXFileReference; explicitFileType = archive.ar; includeInIndex = 0; path = "libPods-HoodieExampleTests.a"; sourceTree = BUILT_PRODUCTS_DIR; };
		527C773718CE4836AFD33B57 /* Pods-HoodieExampleTests.xcconfig */ = {isa = PBXFileReference; includeInIndex = 1; lastKnownFileType = text.xcconfig; name = "Pods-HoodieExampleTests.xcconfig"; path = "Pods/Pods-HoodieExampleTests.xcconfig"; sourceTree = "<group>"; };
		823F38E7CBC040DD8F8C9E6E /* Pods-HoodieExample.xcconfig */ = {isa = PBXFileReference; includeInIndex = 1; lastKnownFileType = text.xcconfig; name = "Pods-HoodieExample.xcconfig"; path = "Pods/Pods-HoodieExample.xcconfig"; sourceTree = "<group>"; };
		C74A704F2E409285D026ED6A /* main.m */ = {isa = PBXFileReference; lastKnownFileType = sourcecode.c.objc; path = main.m; sourceTree = "<group>"; };
		C74A706AB0FF3C58773F3C4F /* Foundation.framework */ = {isa = PBXFileReference; lastKnownFileType = wrapper.framework; name = Foundation.framework; path = System/Library/Frameworks/Foundation.framework; sourceTree = SDKROOT; };
		C74A717263B211BDDC7E430A /* UIKit.framework */ = {isa = PBXFileReference; lastKnownFileType = wrapper.framework; name = UIKit.framework; path = System/Library/Frameworks/UIKit.framework; sourceTree = SDKROOT; };
		C74A758DCE86DB2280FE14E4 /* Images.xcassets */ = {isa = PBXFileReference; lastKnownFileType = folder.assetcatalog; path = Images.xcassets; sourceTree = "<group>"; };
		C74A77429886A1D313F7B181 /* HoodieExampleTests.xctest */ = {isa = PBXFileReference; explicitFileType = wrapper.cfbundle; includeInIndex = 0; path = HoodieExampleTests.xctest; sourceTree = BUILT_PRODUCTS_DIR; };
		C74A7864F186C327C31073D7 /* XCTest.framework */ = {isa = PBXFileReference; lastKnownFileType = wrapper.framework; name = XCTest.framework; path = Library/Frameworks/XCTest.framework; sourceTree = DEVELOPER_DIR; };
		C74A7877F539F4EA19B3C919 /* HoodieExample-Info.plist */ = {isa = PBXFileReference; lastKnownFileType = text.plist.info; path = "HoodieExample-Info.plist"; sourceTree = "<group>"; };
		C74A78D5E103C85107917A8C /* en */ = {isa = PBXFileReference; lastKnownFileType = text.plist.strings; name = en; path = en.lproj/InfoPlist.strings; sourceTree = "<group>"; };
		C74A7989156BB9CCC88EFCB9 /* AppDelegate.m */ = {isa = PBXFileReference; lastKnownFileType = sourcecode.c.objc; path = AppDelegate.m; sourceTree = "<group>"; };
		C74A7A03895F0F7B1A0A32B9 /* HoodieExample-Prefix.pch */ = {isa = PBXFileReference; lastKnownFileType = sourcecode.c.h; path = "HoodieExample-Prefix.pch"; sourceTree = "<group>"; };
		C74A7A1DF255023305F9A97B /* CoreGraphics.framework */ = {isa = PBXFileReference; lastKnownFileType = wrapper.framework; name = CoreGraphics.framework; path = System/Library/Frameworks/CoreGraphics.framework; sourceTree = SDKROOT; };
		C74A7AE0C771CE65AC57872B /* en */ = {isa = PBXFileReference; lastKnownFileType = text.plist.strings; name = en; path = en.lproj/InfoPlist.strings; sourceTree = "<group>"; };
		C74A7D0C39AEE95B2B3EB597 /* HoodieExampleTests-Info.plist */ = {isa = PBXFileReference; lastKnownFileType = text.plist.info; path = "HoodieExampleTests-Info.plist"; sourceTree = "<group>"; };
		C74A7E54947C92B7EE99620C /* AppDelegate.h */ = {isa = PBXFileReference; lastKnownFileType = sourcecode.c.h; path = AppDelegate.h; sourceTree = "<group>"; };
		C74A7E735B4B183B58F96A11 /* HoodieExample.app */ = {isa = PBXFileReference; explicitFileType = wrapper.application; includeInIndex = 0; path = HoodieExample.app; sourceTree = BUILT_PRODUCTS_DIR; };
		F0483E0319261A8200CF975A /* HOOHelperTests.m */ = {isa = PBXFileReference; fileEncoding = 4; lastKnownFileType = sourcecode.c.objc; path = HOOHelperTests.m; sourceTree = "<group>"; };
		F0E8709819276F2600F3F540 /* libPods.a */ = {isa = PBXFileReference; lastKnownFileType = archive.ar; name = libPods.a; path = "Pods/build/Debug-iphoneos/libPods.a"; sourceTree = "<group>"; };
		FF17EE8265BE4EB291EA4FDD /* libPods.a */ = {isa = PBXFileReference; explicitFileType = archive.ar; includeInIndex = 0; path = libPods.a; sourceTree = BUILT_PRODUCTS_DIR; };
/* End PBXFileReference section */

/* Begin PBXFrameworksBuildPhase section */
		C74A7135E03C8F485CFE8607 /* Frameworks */ = {
			isa = PBXFrameworksBuildPhase;
			buildActionMask = 2147483647;
			files = (
				C74A7D0E6FD7F8D0D552BC6B /* Foundation.framework in Frameworks */,
				C74A78BDA3BFCFBEA1F96EB8 /* CoreGraphics.framework in Frameworks */,
				C74A73285FAD7CC50A165DD1 /* UIKit.framework in Frameworks */,
				F0E8709919276F2600F3F540 /* libPods.a in Frameworks */,
			);
			runOnlyForDeploymentPostprocessing = 0;
		};
		C74A7A364F359CAB923428BE /* Frameworks */ = {
			isa = PBXFrameworksBuildPhase;
			buildActionMask = 2147483647;
			files = (
				C74A707B111CA1312748567C /* XCTest.framework in Frameworks */,
				C74A709DE2B48519FBB839CA /* Foundation.framework in Frameworks */,
				C74A7E7012812E742AC630E2 /* UIKit.framework in Frameworks */,
				6D51E0F62B684E5BA5B430EA /* libPods-HoodieExampleTests.a in Frameworks */,
			);
			runOnlyForDeploymentPostprocessing = 0;
		};
/* End PBXFrameworksBuildPhase section */

/* Begin PBXGroup section */
		2907573C18ED5A9200CEEFED /* Account */ = {
			isa = PBXGroup;
			children = (
				2907573F18ED6A1A00CEEFED /* Account_iPhone.storyboard */,
				2907574418ED71F100CEEFED /* AccountDelegate.h */,
				2907574118ED6A4F00CEEFED /* ChangePasswordViewController.h */,
				2907574218ED6A4F00CEEFED /* ChangePasswordViewController.m */,
			);
			name = Account;
			sourceTree = "<group>";
		};
		29B2097318D0AE50000A3CB8 /* Authentication */ = {
			isa = PBXGroup;
			children = (
				29B2097418D0AE50000A3CB8 /* Authentication_iPhone.storyboard */,
				29B2097518D0AE50000A3CB8 /* AuthenticationDelegate.h */,
				29B2097618D0AE50000A3CB8 /* SignInViewController.h */,
				29B2097718D0AE50000A3CB8 /* SignInViewController.m */,
				29B2097818D0AE50000A3CB8 /* SignUpViewController.h */,
				29B2097918D0AE50000A3CB8 /* SignUpViewController.m */,
			);
			path = Authentication;
			sourceTree = "<group>";
		};
		C74A714C5F622B4764E2DF9D /* HoodieExample */ = {
			isa = PBXGroup;
			children = (
				2907573C18ED5A9200CEEFED /* Account */,
				29B2097318D0AE50000A3CB8 /* Authentication */,
				C74A7E277E5CA48292E095FA /* Supporting Files */,
				C74A7E54947C92B7EE99620C /* AppDelegate.h */,
				C74A7989156BB9CCC88EFCB9 /* AppDelegate.m */,
				29B2097D18D0AE5E000A3CB8 /* PlaygroundCell.h */,
				29B2097E18D0AE5E000A3CB8 /* PlaygroundCell.m */,
				29B2097F18D0AE5E000A3CB8 /* PlaygroundCell.xib */,
				29B2098018D0AE5E000A3CB8 /* PlaygroundDataSource.h */,
				29B2098118D0AE5E000A3CB8 /* PlaygroundDataSource.m */,
				29B2098218D0AE5E000A3CB8 /* PlaygroundViewController.h */,
				29B2098318D0AE5E000A3CB8 /* PlaygroundViewController.m */,
				29B2098418D0AE5E000A3CB8 /* PlaygroundViewController.xib */,
				C74A758DCE86DB2280FE14E4 /* Images.xcassets */,
			);
			path = HoodieExample;
			sourceTree = "<group>";
		};
		C74A724E78BF988631517BF9 /* Products */ = {
			isa = PBXGroup;
			children = (
				C74A7E735B4B183B58F96A11 /* HoodieExample.app */,
				C74A77429886A1D313F7B181 /* HoodieExampleTests.xctest */,
			);
			name = Products;
			sourceTree = "<group>";
		};
		C74A7575E72A7E60FD7286D4 = {
			isa = PBXGroup;
			children = (
				C74A724E78BF988631517BF9 /* Products */,
				C74A7AA9137803CFBAAA948F /* Frameworks */,
				C74A714C5F622B4764E2DF9D /* HoodieExample */,
				C74A788FB1B77DF7B581214F /* HoodieExampleTests */,
				29B3308507E84606BF665D6E /* Pods.xcconfig */,
				823F38E7CBC040DD8F8C9E6E /* Pods-HoodieExample.xcconfig */,
				527C773718CE4836AFD33B57 /* Pods-HoodieExampleTests.xcconfig */,
			);
			sourceTree = "<group>";
		};
		C74A75C5D5FE648A52C45639 /* Supporting Files */ = {
			isa = PBXGroup;
			children = (
				C74A7D0C39AEE95B2B3EB597 /* HoodieExampleTests-Info.plist */,
				C74A720B20B8B100BFA4DA1D /* InfoPlist.strings */,
			);
			name = "Supporting Files";
			sourceTree = "<group>";
		};
		C74A788FB1B77DF7B581214F /* HoodieExampleTests */ = {
			isa = PBXGroup;
			children = (
				C74A75C5D5FE648A52C45639 /* Supporting Files */,
				F0483E0319261A8200CF975A /* HOOHelperTests.m */,
			);
			path = HoodieExampleTests;
			sourceTree = "<group>";
		};
		C74A7AA9137803CFBAAA948F /* Frameworks */ = {
			isa = PBXGroup;
			children = (
				F0E8709819276F2600F3F540 /* libPods.a */,
				C74A706AB0FF3C58773F3C4F /* Foundation.framework */,
				C74A7A1DF255023305F9A97B /* CoreGraphics.framework */,
				C74A717263B211BDDC7E430A /* UIKit.framework */,
				C74A7864F186C327C31073D7 /* XCTest.framework */,
				FF17EE8265BE4EB291EA4FDD /* libPods.a */,
				2113E5CB2E90408BA38EF999 /* libPods-HoodieExample.a */,
				2FF0CEE7E30B4A13A9C6D9A5 /* libPods-HoodieExampleTests.a */,
			);
			name = Frameworks;
			sourceTree = "<group>";
		};
		C74A7E277E5CA48292E095FA /* Supporting Files */ = {
			isa = PBXGroup;
			children = (
				C74A7877F539F4EA19B3C919 /* HoodieExample-Info.plist */,
				C74A79F40AC539B129FBFEB0 /* InfoPlist.strings */,
				C74A704F2E409285D026ED6A /* main.m */,
				C74A7A03895F0F7B1A0A32B9 /* HoodieExample-Prefix.pch */,
			);
			name = "Supporting Files";
			sourceTree = "<group>";
		};
/* End PBXGroup section */

/* Begin PBXNativeTarget section */
		C74A7034BED1C43A5E68F1DA /* HoodieExample */ = {
			isa = PBXNativeTarget;
			buildConfigurationList = C74A7EC9A4BC7E349A627F1F /* Build configuration list for PBXNativeTarget "HoodieExample" */;
			buildPhases = (
				E6F63C21059E4E938D54CB4B /* Check Pods Manifest.lock */,
				C74A74AE908FA3379E73F155 /* Sources */,
				C74A7135E03C8F485CFE8607 /* Frameworks */,
				C74A773C30BCCF61537BD1AA /* Resources */,
				324FBE966B414B6BBB920060 /* Copy Pods Resources */,
			);
			buildRules = (
			);
			dependencies = (
			);
			name = HoodieExample;
			productName = HoodieExample;
			productReference = C74A7E735B4B183B58F96A11 /* HoodieExample.app */;
			productType = "com.apple.product-type.application";
		};
		C74A79A0F1491FFBA9E3CBF5 /* HoodieExampleTests */ = {
			isa = PBXNativeTarget;
			buildConfigurationList = C74A7C767651868DDFB8CDF0 /* Build configuration list for PBXNativeTarget "HoodieExampleTests" */;
			buildPhases = (
				C1EAFD1028F645988837A691 /* Check Pods Manifest.lock */,
				C74A7B1C94AC1BEEC268E77A /* Sources */,
				C74A7A364F359CAB923428BE /* Frameworks */,
				C74A77290C760A98CE63C4F0 /* Resources */,
				E7C38349471342B28DBE6951 /* Copy Pods Resources */,
			);
			buildRules = (
			);
			dependencies = (
				C74A7923C710106E94619459 /* PBXTargetDependency */,
			);
			name = HoodieExampleTests;
			productName = HoodieExampleTests;
			productReference = C74A77429886A1D313F7B181 /* HoodieExampleTests.xctest */;
			productType = "com.apple.product-type.bundle.unit-test";
		};
/* End PBXNativeTarget section */

/* Begin PBXProject section */
		C74A78D7E700FAC1A34EA419 /* Project object */ = {
			isa = PBXProject;
			attributes = {
				ORGANIZATIONNAME = Hoodie;
				TargetAttributes = {
					C74A79A0F1491FFBA9E3CBF5 = {
						TestTargetID = C74A7034BED1C43A5E68F1DA;
					};
				};
			};
			buildConfigurationList = C74A7DD0B18B78E0DC299E90 /* Build configuration list for PBXProject "HoodieExample" */;
			compatibilityVersion = "Xcode 3.2";
			developmentRegion = English;
			hasScannedForEncodings = 0;
			knownRegions = (
				en,
			);
			mainGroup = C74A7575E72A7E60FD7286D4;
			productRefGroup = C74A724E78BF988631517BF9 /* Products */;
			projectDirPath = "";
			projectRoot = "";
			targets = (
				C74A7034BED1C43A5E68F1DA /* HoodieExample */,
				C74A79A0F1491FFBA9E3CBF5 /* HoodieExampleTests */,
			);
		};
/* End PBXProject section */

/* Begin PBXResourcesBuildPhase section */
		C74A77290C760A98CE63C4F0 /* Resources */ = {
			isa = PBXResourcesBuildPhase;
			buildActionMask = 2147483647;
			files = (
				C74A739F966C7CC325D890AB /* InfoPlist.strings in Resources */,
			);
			runOnlyForDeploymentPostprocessing = 0;
		};
		C74A773C30BCCF61537BD1AA /* Resources */ = {
			isa = PBXResourcesBuildPhase;
			buildActionMask = 2147483647;
			files = (
				29B2098618D0AE5E000A3CB8 /* PlaygroundCell.xib in Resources */,
				C74A7D7547E138D747D5C9BB /* InfoPlist.strings in Resources */,
				29B2098918D0AE5E000A3CB8 /* PlaygroundViewController.xib in Resources */,
				2907574018ED6A1A00CEEFED /* Account_iPhone.storyboard in Resources */,
				C74A7E05E8104EC5D808358A /* Images.xcassets in Resources */,
				29B2097A18D0AE50000A3CB8 /* Authentication_iPhone.storyboard in Resources */,
			);
			runOnlyForDeploymentPostprocessing = 0;
		};
/* End PBXResourcesBuildPhase section */

/* Begin PBXShellScriptBuildPhase section */
		324FBE966B414B6BBB920060 /* Copy Pods Resources */ = {
			isa = PBXShellScriptBuildPhase;
			buildActionMask = 2147483647;
			files = (
			);
			inputPaths = (
			);
			name = "Copy Pods Resources";
			outputPaths = (
			);
			runOnlyForDeploymentPostprocessing = 0;
			shellPath = /bin/sh;
			shellScript = "\"${SRCROOT}/Pods/Pods-HoodieExample-resources.sh\"\n";
			showEnvVarsInLog = 0;
		};
		C1EAFD1028F645988837A691 /* Check Pods Manifest.lock */ = {
			isa = PBXShellScriptBuildPhase;
			buildActionMask = 2147483647;
			files = (
			);
			inputPaths = (
			);
			name = "Check Pods Manifest.lock";
			outputPaths = (
			);
			runOnlyForDeploymentPostprocessing = 0;
			shellPath = /bin/sh;
			shellScript = "diff \"${PODS_ROOT}/../Podfile.lock\" \"${PODS_ROOT}/Manifest.lock\" > /dev/null\nif [[ $? != 0 ]] ; then\n    cat << EOM\nerror: The sandbox is not in sync with the Podfile.lock. Run 'pod install' or update your CocoaPods installation.\nEOM\n    exit 1\nfi\n";
			showEnvVarsInLog = 0;
		};
		E6F63C21059E4E938D54CB4B /* Check Pods Manifest.lock */ = {
			isa = PBXShellScriptBuildPhase;
			buildActionMask = 2147483647;
			files = (
			);
			inputPaths = (
			);
			name = "Check Pods Manifest.lock";
			outputPaths = (
			);
			runOnlyForDeploymentPostprocessing = 0;
			shellPath = /bin/sh;
			shellScript = "diff \"${PODS_ROOT}/../Podfile.lock\" \"${PODS_ROOT}/Manifest.lock\" > /dev/null\nif [[ $? != 0 ]] ; then\n    cat << EOM\nerror: The sandbox is not in sync with the Podfile.lock. Run 'pod install' or update your CocoaPods installation.\nEOM\n    exit 1\nfi\n";
			showEnvVarsInLog = 0;
		};
		E7C38349471342B28DBE6951 /* Copy Pods Resources */ = {
			isa = PBXShellScriptBuildPhase;
			buildActionMask = 2147483647;
			files = (
			);
			inputPaths = (
			);
			name = "Copy Pods Resources";
			outputPaths = (
			);
			runOnlyForDeploymentPostprocessing = 0;
			shellPath = /bin/sh;
			shellScript = "\"${SRCROOT}/Pods/Pods-HoodieExampleTests-resources.sh\"\n";
			showEnvVarsInLog = 0;
		};
/* End PBXShellScriptBuildPhase section */

/* Begin PBXSourcesBuildPhase section */
		C74A74AE908FA3379E73F155 /* Sources */ = {
			isa = PBXSourcesBuildPhase;
			buildActionMask = 2147483647;
			files = (
				29B2098818D0AE5E000A3CB8 /* PlaygroundViewController.m in Sources */,
				2907574318ED6A4F00CEEFED /* ChangePasswordViewController.m in Sources */,
				C74A7945D9D6A17E415BFB9A /* main.m in Sources */,
				29B2098718D0AE5E000A3CB8 /* PlaygroundDataSource.m in Sources */,
				29B2098518D0AE5E000A3CB8 /* PlaygroundCell.m in Sources */,
				29B2097B18D0AE50000A3CB8 /* SignInViewController.m in Sources */,
				29B2097C18D0AE50000A3CB8 /* SignUpViewController.m in Sources */,
				C74A720F9D3F24D44E1795B4 /* AppDelegate.m in Sources */,
			);
			runOnlyForDeploymentPostprocessing = 0;
		};
		C74A7B1C94AC1BEEC268E77A /* Sources */ = {
			isa = PBXSourcesBuildPhase;
			buildActionMask = 2147483647;
			files = (
				F0483E0419261A8200CF975A /* HOOHelperTests.m in Sources */,
			);
			runOnlyForDeploymentPostprocessing = 0;
		};
/* End PBXSourcesBuildPhase section */

/* Begin PBXTargetDependency section */
		C74A7923C710106E94619459 /* PBXTargetDependency */ = {
			isa = PBXTargetDependency;
			target = C74A7034BED1C43A5E68F1DA /* HoodieExample */;
			targetProxy = C74A76E49B09E7EE514F6AAD /* PBXContainerItemProxy */;
		};
/* End PBXTargetDependency section */

/* Begin PBXVariantGroup section */
		C74A720B20B8B100BFA4DA1D /* InfoPlist.strings */ = {
			isa = PBXVariantGroup;
			children = (
				C74A78D5E103C85107917A8C /* en */,
			);
			name = InfoPlist.strings;
			sourceTree = "<group>";
		};
		C74A79F40AC539B129FBFEB0 /* InfoPlist.strings */ = {
			isa = PBXVariantGroup;
			children = (
				C74A7AE0C771CE65AC57872B /* en */,
			);
			name = InfoPlist.strings;
			sourceTree = "<group>";
		};
/* End PBXVariantGroup section */

/* Begin XCBuildConfiguration section */
		C74A72F259C3239BC366C8A3 /* Release */ = {
			isa = XCBuildConfiguration;
			baseConfigurationReference = 527C773718CE4836AFD33B57 /* Pods-HoodieExampleTests.xcconfig */;
			buildSettings = {
				BUNDLE_LOADER = "$(BUILT_PRODUCTS_DIR)/HoodieExample.app/HoodieExample";
				FRAMEWORK_SEARCH_PATHS = (
					"$(SDKROOT)/Developer/Library/Frameworks",
					"$(inherited)",
				);
				GCC_PRECOMPILE_PREFIX_HEADER = YES;
				GCC_PREFIX_HEADER = "HoodieExample/HoodieExample-Prefix.pch";
				INFOPLIST_FILE = "HoodieExampleTests/HoodieExampleTests-Info.plist";
				PRODUCT_NAME = "$(TARGET_NAME)";
				TEST_HOST = "$(BUNDLE_LOADER)";
				WRAPPER_EXTENSION = xctest;
			};
			name = Release;
		};
		C74A7B24C124C3A4A49B09ED /* Release */ = {
			isa = XCBuildConfiguration;
			baseConfigurationReference = 823F38E7CBC040DD8F8C9E6E /* Pods-HoodieExample.xcconfig */;
			buildSettings = {
				ASSETCATALOG_COMPILER_APPICON_NAME = AppIcon;
				ASSETCATALOG_COMPILER_LAUNCHIMAGE_NAME = LaunchImage;
				GCC_PRECOMPILE_PREFIX_HEADER = YES;
				GCC_PREFIX_HEADER = "HoodieExample/HoodieExample-Prefix.pch";
				INFOPLIST_FILE = "HoodieExample/HoodieExample-Info.plist";
				LIBRARY_SEARCH_PATHS = (
					"$(inherited)",
					"$(PROJECT_DIR)/Pods/build/Debug-iphoneos",
				);
				PRODUCT_NAME = "$(TARGET_NAME)";
				WRAPPER_EXTENSION = app;
			};
			name = Release;
		};
		C74A7CD2CC70D6941B824288 /* Debug */ = {
			isa = XCBuildConfiguration;
			baseConfigurationReference = 527C773718CE4836AFD33B57 /* Pods-HoodieExampleTests.xcconfig */;
			buildSettings = {
				BUNDLE_LOADER = "$(BUILT_PRODUCTS_DIR)/HoodieExample.app/HoodieExample";
				FRAMEWORK_SEARCH_PATHS = (
					"$(SDKROOT)/Developer/Library/Frameworks",
					"$(inherited)",
				);
				GCC_PRECOMPILE_PREFIX_HEADER = YES;
				GCC_PREFIX_HEADER = "HoodieExample/HoodieExample-Prefix.pch";
				INFOPLIST_FILE = "HoodieExampleTests/HoodieExampleTests-Info.plist";
				PRODUCT_NAME = "$(TARGET_NAME)";
				TEST_HOST = "$(BUNDLE_LOADER)";
				WRAPPER_EXTENSION = xctest;
			};
			name = Debug;
		};
		C74A7D1F77C82FDADD595B29 /* Debug */ = {
			isa = XCBuildConfiguration;
			buildSettings = {
				ALWAYS_SEARCH_USER_PATHS = NO;
				CLANG_CXX_LANGUAGE_STANDARD = "gnu++0x";
				CLANG_CXX_LIBRARY = "libc++";
				CLANG_ENABLE_MODULES = YES;
				CLANG_ENABLE_OBJC_ARC = YES;
				CLANG_WARN_BOOL_CONVERSION = YES;
				CLANG_WARN_CONSTANT_CONVERSION = YES;
				CLANG_WARN_DIRECT_OBJC_ISA_USAGE = YES_ERROR;
				CLANG_WARN_EMPTY_BODY = YES;
				CLANG_WARN_ENUM_CONVERSION = YES;
				CLANG_WARN_INT_CONVERSION = YES;
				CLANG_WARN_OBJC_ROOT_CLASS = YES_ERROR;
				CLANG_WARN__DUPLICATE_METHOD_MATCH = YES;
				"CODE_SIGN_IDENTITY[sdk=iphoneos*]" = "iPhone Developer";
				COPY_PHASE_STRIP = NO;
				GCC_C_LANGUAGE_STANDARD = gnu99;
				GCC_DYNAMIC_NO_PIC = NO;
				GCC_OPTIMIZATION_LEVEL = 0;
				GCC_PREPROCESSOR_DEFINITIONS = (
					"DEBUG=1",
					"$(inherited)",
				);
				GCC_SYMBOLS_PRIVATE_EXTERN = NO;
				GCC_WARN_64_TO_32_BIT_CONVERSION = YES;
				GCC_WARN_ABOUT_RETURN_TYPE = YES_ERROR;
				GCC_WARN_UNDECLARED_SELECTOR = YES;
				GCC_WARN_UNINITIALIZED_AUTOS = YES_AGGRESSIVE;
				GCC_WARN_UNUSED_FUNCTION = YES;
				GCC_WARN_UNUSED_VARIABLE = YES;
				IPHONEOS_DEPLOYMENT_TARGET = 7.1;
				ONLY_ACTIVE_ARCH = YES;
				SDKROOT = iphoneos;
				TARGETED_DEVICE_FAMILY = "1,2";
			};
			name = Debug;
		};
		C74A7DDD8AB90E262A7437DC /* Debug */ = {
			isa = XCBuildConfiguration;
			baseConfigurationReference = 823F38E7CBC040DD8F8C9E6E /* Pods-HoodieExample.xcconfig */;
			buildSettings = {
				ASSETCATALOG_COMPILER_APPICON_NAME = AppIcon;
				ASSETCATALOG_COMPILER_LAUNCHIMAGE_NAME = LaunchImage;
				GCC_PRECOMPILE_PREFIX_HEADER = YES;
				GCC_PREFIX_HEADER = "HoodieExample/HoodieExample-Prefix.pch";
				INFOPLIST_FILE = "HoodieExample/HoodieExample-Info.plist";
				LIBRARY_SEARCH_PATHS = (
					"$(inherited)",
					"$(PROJECT_DIR)/Pods/build/Debug-iphoneos",
				);
				PRODUCT_NAME = "$(TARGET_NAME)";
				WRAPPER_EXTENSION = app;
			};
			name = Debug;
		};
		C74A7E90FA31B533E5F5557E /* Release */ = {
			isa = XCBuildConfiguration;
			buildSettings = {
				ALWAYS_SEARCH_USER_PATHS = NO;
				CLANG_CXX_LANGUAGE_STANDARD = "gnu++0x";
				CLANG_CXX_LIBRARY = "libc++";
				CLANG_ENABLE_MODULES = YES;
				CLANG_ENABLE_OBJC_ARC = YES;
				CLANG_WARN_BOOL_CONVERSION = YES;
				CLANG_WARN_CONSTANT_CONVERSION = YES;
				CLANG_WARN_DIRECT_OBJC_ISA_USAGE = YES_ERROR;
				CLANG_WARN_EMPTY_BODY = YES;
				CLANG_WARN_ENUM_CONVERSION = YES;
				CLANG_WARN_INT_CONVERSION = YES;
				CLANG_WARN_OBJC_ROOT_CLASS = YES_ERROR;
				CLANG_WARN__DUPLICATE_METHOD_MATCH = YES;
				"CODE_SIGN_IDENTITY[sdk=iphoneos*]" = "iPhone Developer";
				COPY_PHASE_STRIP = YES;
				ENABLE_NS_ASSERTIONS = NO;
				GCC_C_LANGUAGE_STANDARD = gnu99;
				GCC_WARN_64_TO_32_BIT_CONVERSION = YES;
				GCC_WARN_ABOUT_RETURN_TYPE = YES_ERROR;
				GCC_WARN_UNDECLARED_SELECTOR = YES;
				GCC_WARN_UNINITIALIZED_AUTOS = YES_AGGRESSIVE;
				GCC_WARN_UNUSED_FUNCTION = YES;
				GCC_WARN_UNUSED_VARIABLE = YES;
				IPHONEOS_DEPLOYMENT_TARGET = 7.1;
				SDKROOT = iphoneos;
				TARGETED_DEVICE_FAMILY = "1,2";
				VALIDATE_PRODUCT = YES;
			};
			name = Release;
		};
/* End XCBuildConfiguration section */

/* Begin XCConfigurationList section */
		C74A7C767651868DDFB8CDF0 /* Build configuration list for PBXNativeTarget "HoodieExampleTests" */ = {
			isa = XCConfigurationList;
			buildConfigurations = (
				C74A72F259C3239BC366C8A3 /* Release */,
				C74A7CD2CC70D6941B824288 /* Debug */,
			);
			defaultConfigurationIsVisible = 0;
			defaultConfigurationName = Release;
		};
		C74A7DD0B18B78E0DC299E90 /* Build configuration list for PBXProject "HoodieExample" */ = {
			isa = XCConfigurationList;
			buildConfigurations = (
				C74A7E90FA31B533E5F5557E /* Release */,
				C74A7D1F77C82FDADD595B29 /* Debug */,
			);
			defaultConfigurationIsVisible = 0;
			defaultConfigurationName = Release;
		};
		C74A7EC9A4BC7E349A627F1F /* Build configuration list for PBXNativeTarget "HoodieExample" */ = {
			isa = XCConfigurationList;
			buildConfigurations = (
				C74A7B24C124C3A4A49B09ED /* Release */,
				C74A7DDD8AB90E262A7437DC /* Debug */,
			);
			defaultConfigurationIsVisible = 0;
			defaultConfigurationName = Release;
		};
/* End XCConfigurationList section */
	};
	rootObject = C74A78D7E700FAC1A34EA419 /* Project object */;
}
